
Microsoft Visual Studio Solution File, Format Version 12.00
# Visual Studio Version 17
VisualStudioVersion = 17.5.33424.131
MinimumVisualStudioVersion = 10.0.40219.1
Project("{FAE04EC0-301F-11D3-BF4B-00C04F79EFBC}") = "GarticUmm", "GarticUmm\GarticUmm.csproj", "{B66101C7-46B2-48CB-BDB8-4B370FD6A2DA}"
EndProject
Global
	GlobalSection(SolutionConfigurationPlatforms) = preSolution
		Debug|Any CPU = Debug|Any CPU
		Release|Any CPU = Release|Any CPU
	EndGlobalSection
	GlobalSection(ProjectConfigurationPlatforms) = postSolution
		{B66101C7-46B2-48CB-BDB8-4B370FD6A2DA}.Debug|Any CPU.ActiveCfg = Debug|Any CPU
		{B66101C7-46B2-48CB-BDB8-4B370FD6A2DA}.Release|Any CPU.ActiveCfg = Release|Any CPU
		{B66101C7-46B2-48CB-BDB8-4B370FD6A2DA}.Release|Any CPU.Build.0 = Release|Any CPU
	EndGlobalSection
	GlobalSection(SolutionProperties) = preSolution
		HideSolutionNode = FALSE
	EndGlobalSection
	GlobalSection(ExtensibilityGlobals) = postSolution
		SolutionGuid = {A01CD137-EF82-4DAC-B8D7-222D9385C56A}
	EndGlobalSection
EndGlobal
